
Microsoft Visual Studio Solution File, Format Version 12.00
# Visual Studio Version 16
VisualStudioVersion = 16.0.29503.13
MinimumVisualStudioVersion = 10.0.40219.1
Project("{FAE04EC0-301F-11D3-BF4B-00C04F79EFBC}") = "Facelift_App", "Facelift_App.csproj", "{CE3F7598-5CC9-4976-A36F-64F7505BD865}"
EndProject
Global
	GlobalSection(SolutionConfigurationPlatforms) = preSolution
		Debug|Any CPU = Debug|Any CPU
		Release|Any CPU = Release|Any CPU
	EndGlobalSection
	GlobalSection(ProjectConfigurationPlatforms) = postSolution
		{CE3F7598-5CC9-4976-A36F-64F7505BD865}.Debug|Any CPU.ActiveCfg = Debug|Any CPU
		{CE3F7598-5CC9-4976-A36F-64F7505BD865}.Debug|Any CPU.Build.0 = Debug|Any CPU
		{CE3F7598-5CC9-4976-A36F-64F7505BD865}.Release|Any CPU.ActiveCfg = Release|Any CPU
		{CE3F7598-5CC9-4976-A36F-64F7505BD865}.Release|Any CPU.Build.0 = Release|Any CPU
		{0C7D504D-8B9E-44C1-BEE8-FF916FF45559}.Debug|Any CPU.ActiveCfg = Debug|Any CPU
		{0C7D504D-8B9E-44C1-BEE8-FF916FF45559}.Debug|Any CPU.Build.0 = Debug|Any CPU
		{0C7D504D-8B9E-44C1-BEE8-FF916FF45559}.Release|Any CPU.ActiveCfg = Release|Any CPU
		{0C7D504D-8B9E-44C1-BEE8-FF916FF45559}.Release|Any CPU.Build.0 = Release|Any CPU
	EndGlobalSection
	GlobalSection(SolutionProperties) = preSolution
		HideSolutionNode = FALSE
	EndGlobalSection
	GlobalSection(ExtensibilityGlobals) = postSolution
		SolutionGuid = {1E343B1D-FBE6-455E-80C7-EB066ED9053B}
	EndGlobalSection
EndGlobal
